
Microsoft Visual Studio Solution File, Format Version 12.00
# Visual Studio Version 17
VisualStudioVersion = 17.13.35818.85 d17.13
MinimumVisualStudioVersion = 10.0.40219.1
Project("{FAE04EC0-301F-11D3-BF4B-00C04F79EFBC}") = "CuantoLlevoUnet", "CuantoLlevoUnet.csproj", "{CE6D5169-30FB-4921-94CF-AEC835877A81}"
EndProject
Global
	GlobalSection(SolutionConfigurationPlatforms) = preSolution
		Debug|Any CPU = Debug|Any CPU
		Release|Any CPU = Release|Any CPU
	EndGlobalSection
	GlobalSection(ProjectConfigurationPlatforms) = postSolution
		{CE6D5169-30FB-4921-94CF-AEC835877A81}.Debug|Any CPU.ActiveCfg = Debug|Any CPU
		{CE6D5169-30FB-4921-94CF-AEC835877A81}.Debug|Any CPU.Build.0 = Debug|Any CPU
		{CE6D5169-30FB-4921-94CF-AEC835877A81}.Release|Any CPU.ActiveCfg = Release|Any CPU
		{CE6D5169-30FB-4921-94CF-AEC835877A81}.Release|Any CPU.Build.0 = Release|Any CPU
	EndGlobalSection
	GlobalSection(SolutionProperties) = preSolution
		HideSolutionNode = FALSE
	EndGlobalSection
	GlobalSection(ExtensibilityGlobals) = postSolution
		SolutionGuid = {F4C786D3-DDCE-4018-8DBD-E7FCF1257BE3}
	EndGlobalSection
EndGlobal
